// !$*UTF8*$!
{
	archiveVersion = 1;
	classes = {
	};
	objectVersion = 50;
	objects = {

/* Begin PBXBuildFile section */
		2C6060CB22E7E956005BD461 /* AppDelegate.swift in Sources */ = {isa = PBXBuildFile; fileRef = 2C6060CA22E7E956005BD461 /* AppDelegate.swift */; };
		2C6060D022E7E956005BD461 /* Main.storyboard in Resources */ = {isa = PBXBuildFile; fileRef = 2C6060CE22E7E956005BD461 /* Main.storyboard */; };
		2C6060D522E7E95B005BD461 /* Assets.xcassets in Resources */ = {isa = PBXBuildFile; fileRef = 2C6060D422E7E95B005BD461 /* Assets.xcassets */; };
		2C6060D822E7E95B005BD461 /* LaunchScreen.storyboard in Resources */ = {isa = PBXBuildFile; fileRef = 2C6060D622E7E95B005BD461 /* LaunchScreen.storyboard */; };
		2C6AC12822F4CDC0004C98FA /* Income+ExpenseListTableViewController.swift in Sources */ = {isa = PBXBuildFile; fileRef = 2C6AC12722F4CDC0004C98FA /* Income+ExpenseListTableViewController.swift */; };
		2C6AC12A22F5BC80004C98FA /* DateExtension.swift in Sources */ = {isa = PBXBuildFile; fileRef = 2C6AC12922F5BC80004C98FA /* DateExtension.swift */; };
		2CC871E522E7EB86009F90F7 /* MasterBudget.swift in Sources */ = {isa = PBXBuildFile; fileRef = 2CC871E422E7EB86009F90F7 /* MasterBudget.swift */; };
		2CC871E722E7EC38009F90F7 /* PayPeriod.swift in Sources */ = {isa = PBXBuildFile; fileRef = 2CC871E622E7EC38009F90F7 /* PayPeriod.swift */; };
		2CC871E922E7EDDE009F90F7 /* Income.swift in Sources */ = {isa = PBXBuildFile; fileRef = 2CC871E822E7EDDE009F90F7 /* Income.swift */; };
		2CC871EB22E7EEBA009F90F7 /* Expense.swift in Sources */ = {isa = PBXBuildFile; fileRef = 2CC871EA22E7EEBA009F90F7 /* Expense.swift */; };
		2CF2BBC222EF4F9800B06A9A /* MasterListTableViewController.swift in Sources */ = {isa = PBXBuildFile; fileRef = 2CF2BBC122EF4F9800B06A9A /* MasterListTableViewController.swift */; };
		2CF2BBC422EF4FE600B06A9A /* MasterBudgetController.swift in Sources */ = {isa = PBXBuildFile; fileRef = 2CF2BBC322EF4FE600B06A9A /* MasterBudgetController.swift */; };
		2CF2BBC622EF6A7600B06A9A /* PayPeriodListTableViewController.swift in Sources */ = {isa = PBXBuildFile; fileRef = 2CF2BBC522EF6A7600B06A9A /* PayPeriodListTableViewController.swift */; };
		2CF2BBCA22EF6F5300B06A9A /* CloudKit.framework in Frameworks */ = {isa = PBXBuildFile; fileRef = 2CF2BBC922EF6F5300B06A9A /* CloudKit.framework */; };
		2CF2BBCC22EFAC7A00B06A9A /* CreateBudgetTableViewController.swift in Sources */ = {isa = PBXBuildFile; fileRef = 2CF2BBCB22EFAC7A00B06A9A /* CreateBudgetTableViewController.swift */; };
		2CF2BBD322F07D7200B06A9A /* PayPeriodController.swift in Sources */ = {isa = PBXBuildFile; fileRef = 2CF2BBD222F07D7200B06A9A /* PayPeriodController.swift */; };
		2CF2BBD522F07D8900B06A9A /* IncomeController.swift in Sources */ = {isa = PBXBuildFile; fileRef = 2CF2BBD422F07D8900B06A9A /* IncomeController.swift */; };
		2CF2BBD722F07D9C00B06A9A /* ExpenseController.swift in Sources */ = {isa = PBXBuildFile; fileRef = 2CF2BBD622F07D9C00B06A9A /* ExpenseController.swift */; };
		580134A62301BE320014ABFE /* colors.xcassets in Resources */ = {isa = PBXBuildFile; fileRef = 580134A52301BE320014ABFE /* colors.xcassets */; };
		58BDFE2B23023B16000B605A /* NewBudgetViewController.swift in Sources */ = {isa = PBXBuildFile; fileRef = 58BDFE2A23023B16000B605A /* NewBudgetViewController.swift */; };
		58BDFE2D230259BE000B605A /* Income+PayPeriodViewController.swift in Sources */ = {isa = PBXBuildFile; fileRef = 58BDFE2C230259BE000B605A /* Income+PayPeriodViewController.swift */; };
/* End PBXBuildFile section */

/* Begin PBXFileReference section */
		2C6060C722E7E956005BD461 /* BudgetPersonalProj.app */ = {isa = PBXFileReference; explicitFileType = wrapper.application; includeInIndex = 0; path = BudgetPersonalProj.app; sourceTree = BUILT_PRODUCTS_DIR; };
		2C6060CA22E7E956005BD461 /* AppDelegate.swift */ = {isa = PBXFileReference; lastKnownFileType = sourcecode.swift; path = AppDelegate.swift; sourceTree = "<group>"; };
		2C6060CF22E7E956005BD461 /* Base */ = {isa = PBXFileReference; lastKnownFileType = file.storyboard; name = Base; path = Base.lproj/Main.storyboard; sourceTree = "<group>"; };
		2C6060D422E7E95B005BD461 /* Assets.xcassets */ = {isa = PBXFileReference; lastKnownFileType = folder.assetcatalog; path = Assets.xcassets; sourceTree = "<group>"; };
		2C6060D722E7E95B005BD461 /* Base */ = {isa = PBXFileReference; lastKnownFileType = file.storyboard; name = Base; path = Base.lproj/LaunchScreen.storyboard; sourceTree = "<group>"; };
		2C6060D922E7E95B005BD461 /* Info.plist */ = {isa = PBXFileReference; lastKnownFileType = text.plist.xml; path = Info.plist; sourceTree = "<group>"; };
		2C6AC12722F4CDC0004C98FA /* Income+ExpenseListTableViewController.swift */ = {isa = PBXFileReference; lastKnownFileType = sourcecode.swift; path = "Income+ExpenseListTableViewController.swift"; sourceTree = "<group>"; };
		2C6AC12922F5BC80004C98FA /* DateExtension.swift */ = {isa = PBXFileReference; lastKnownFileType = sourcecode.swift; path = DateExtension.swift; sourceTree = "<group>"; };
		2CC871E422E7EB86009F90F7 /* MasterBudget.swift */ = {isa = PBXFileReference; lastKnownFileType = sourcecode.swift; path = MasterBudget.swift; sourceTree = "<group>"; };
		2CC871E622E7EC38009F90F7 /* PayPeriod.swift */ = {isa = PBXFileReference; lastKnownFileType = sourcecode.swift; path = PayPeriod.swift; sourceTree = "<group>"; };
		2CC871E822E7EDDE009F90F7 /* Income.swift */ = {isa = PBXFileReference; lastKnownFileType = sourcecode.swift; path = Income.swift; sourceTree = "<group>"; };
		2CC871EA22E7EEBA009F90F7 /* Expense.swift */ = {isa = PBXFileReference; lastKnownFileType = sourcecode.swift; path = Expense.swift; sourceTree = "<group>"; };
		2CF2BBC122EF4F9800B06A9A /* MasterListTableViewController.swift */ = {isa = PBXFileReference; lastKnownFileType = sourcecode.swift; path = MasterListTableViewController.swift; sourceTree = "<group>"; };
		2CF2BBC322EF4FE600B06A9A /* MasterBudgetController.swift */ = {isa = PBXFileReference; lastKnownFileType = sourcecode.swift; path = MasterBudgetController.swift; sourceTree = "<group>"; };
		2CF2BBC522EF6A7600B06A9A /* PayPeriodListTableViewController.swift */ = {isa = PBXFileReference; lastKnownFileType = sourcecode.swift; path = PayPeriodListTableViewController.swift; sourceTree = "<group>"; };
		2CF2BBC722EF6F5100B06A9A /* BudgetPersonalProj.entitlements */ = {isa = PBXFileReference; lastKnownFileType = text.plist.entitlements; path = BudgetPersonalProj.entitlements; sourceTree = "<group>"; };
		2CF2BBC922EF6F5300B06A9A /* CloudKit.framework */ = {isa = PBXFileReference; lastKnownFileType = wrapper.framework; name = CloudKit.framework; path = System/Library/Frameworks/CloudKit.framework; sourceTree = SDKROOT; };
		2CF2BBCB22EFAC7A00B06A9A /* CreateBudgetTableViewController.swift */ = {isa = PBXFileReference; lastKnownFileType = sourcecode.swift; path = CreateBudgetTableViewController.swift; sourceTree = "<group>"; };
		2CF2BBD222F07D7200B06A9A /* PayPeriodController.swift */ = {isa = PBXFileReference; lastKnownFileType = sourcecode.swift; path = PayPeriodController.swift; sourceTree = "<group>"; };
		2CF2BBD422F07D8900B06A9A /* IncomeController.swift */ = {isa = PBXFileReference; lastKnownFileType = sourcecode.swift; path = IncomeController.swift; sourceTree = "<group>"; };
		2CF2BBD622F07D9C00B06A9A /* ExpenseController.swift */ = {isa = PBXFileReference; lastKnownFileType = sourcecode.swift; path = ExpenseController.swift; sourceTree = "<group>"; };
		580134A52301BE320014ABFE /* colors.xcassets */ = {isa = PBXFileReference; lastKnownFileType = folder.assetcatalog; path = colors.xcassets; sourceTree = "<group>"; };
		58BDFE2A23023B16000B605A /* NewBudgetViewController.swift */ = {isa = PBXFileReference; lastKnownFileType = sourcecode.swift; path = NewBudgetViewController.swift; sourceTree = "<group>"; };
		58BDFE2C230259BE000B605A /* Income+PayPeriodViewController.swift */ = {isa = PBXFileReference; lastKnownFileType = sourcecode.swift; path = "Income+PayPeriodViewController.swift"; sourceTree = "<group>"; };
/* End PBXFileReference section */

/* Begin PBXFrameworksBuildPhase section */
		2C6060C422E7E956005BD461 /* Frameworks */ = {
			isa = PBXFrameworksBuildPhase;
			buildActionMask = 2147483647;
			files = (
				2CF2BBCA22EF6F5300B06A9A /* CloudKit.framework in Frameworks */,
			);
			runOnlyForDeploymentPostprocessing = 0;
		};
/* End PBXFrameworksBuildPhase section */

/* Begin PBXGroup section */
		2C6060BE22E7E956005BD461 = {
			isa = PBXGroup;
			children = (
				2C6060C922E7E956005BD461 /* BudgetPersonalProj */,
				2C6060C822E7E956005BD461 /* Products */,
				2CF2BBC822EF6F5300B06A9A /* Frameworks */,
			);
			sourceTree = "<group>";
		};
		2C6060C822E7E956005BD461 /* Products */ = {
			isa = PBXGroup;
			children = (
				2C6060C722E7E956005BD461 /* BudgetPersonalProj.app */,
			);
			name = Products;
			sourceTree = "<group>";
		};
		2C6060C922E7E956005BD461 /* BudgetPersonalProj */ = {
			isa = PBXGroup;
			children = (
				2CF2BBC722EF6F5100B06A9A /* BudgetPersonalProj.entitlements */,
				2C6060E022E7E9A6005BD461 /* Views */,
				2C6060E122E7E9BC005BD461 /* Controllers */,
				2CC871E322E7EA55009F90F7 /* Models */,
				2C6060DF22E7E98A005BD461 /* Resources */,
			);
			path = BudgetPersonalProj;
			sourceTree = "<group>";
		};
		2C6060DF22E7E98A005BD461 /* Resources */ = {
			isa = PBXGroup;
			children = (
				2C6060CA22E7E956005BD461 /* AppDelegate.swift */,
				580134A52301BE320014ABFE /* colors.xcassets */,
				2C6060D422E7E95B005BD461 /* Assets.xcassets */,
				2C6060D922E7E95B005BD461 /* Info.plist */,
			);
			path = Resources;
			sourceTree = "<group>";
		};
		2C6060E022E7E9A6005BD461 /* Views */ = {
			isa = PBXGroup;
			children = (
				2C6060CE22E7E956005BD461 /* Main.storyboard */,
				2C6060D622E7E95B005BD461 /* LaunchScreen.storyboard */,
			);
			path = Views;
			sourceTree = "<group>";
		};
		2C6060E122E7E9BC005BD461 /* Controllers */ = {
			isa = PBXGroup;
			children = (
				2C6060E322E7E9E3005BD461 /* View Controllers */,
				2C6060E222E7E9D1005BD461 /* Model Controllers */,
			);
			path = Controllers;
			sourceTree = "<group>";
		};
		2C6060E222E7E9D1005BD461 /* Model Controllers */ = {
			isa = PBXGroup;
			children = (
				2CF2BBC322EF4FE600B06A9A /* MasterBudgetController.swift */,
				2CF2BBD222F07D7200B06A9A /* PayPeriodController.swift */,
				2CF2BBD422F07D8900B06A9A /* IncomeController.swift */,
				2CF2BBD622F07D9C00B06A9A /* ExpenseController.swift */,
				2C6AC12922F5BC80004C98FA /* DateExtension.swift */,
			);
			path = "Model Controllers";
			sourceTree = "<group>";
		};
		2C6060E322E7E9E3005BD461 /* View Controllers */ = {
			isa = PBXGroup;
			children = (
				2CF2BBC122EF4F9800B06A9A /* MasterListTableViewController.swift */,
				2CF2BBC522EF6A7600B06A9A /* PayPeriodListTableViewController.swift */,
				2CF2BBCB22EFAC7A00B06A9A /* CreateBudgetTableViewController.swift */,
				2C6AC12722F4CDC0004C98FA /* Income+ExpenseListTableViewController.swift */,
				58BDFE2A23023B16000B605A /* NewBudgetViewController.swift */,
				58BDFE2C230259BE000B605A /* Income+PayPeriodViewController.swift */,
			);
			path = "View Controllers";
			sourceTree = "<group>";
		};
		2CC871E322E7EA55009F90F7 /* Models */ = {
			isa = PBXGroup;
			children = (
				2CC871E422E7EB86009F90F7 /* MasterBudget.swift */,
				2CC871E622E7EC38009F90F7 /* PayPeriod.swift */,
				2CC871E822E7EDDE009F90F7 /* Income.swift */,
				2CC871EA22E7EEBA009F90F7 /* Expense.swift */,
			);
			path = Models;
			sourceTree = "<group>";
		};
		2CF2BBC822EF6F5300B06A9A /* Frameworks */ = {
			isa = PBXGroup;
			children = (
				2CF2BBC922EF6F5300B06A9A /* CloudKit.framework */,
			);
			name = Frameworks;
			sourceTree = "<group>";
		};
/* End PBXGroup section */

/* Begin PBXNativeTarget section */
		2C6060C622E7E956005BD461 /* BudgetPersonalProj */ = {
			isa = PBXNativeTarget;
			buildConfigurationList = 2C6060DC22E7E95B005BD461 /* Build configuration list for PBXNativeTarget "BudgetPersonalProj" */;
			buildPhases = (
				2C6060C322E7E956005BD461 /* Sources */,
				2C6060C422E7E956005BD461 /* Frameworks */,
				2C6060C522E7E956005BD461 /* Resources */,
			);
			buildRules = (
			);
			dependencies = (
			);
			name = BudgetPersonalProj;
			productName = BudgetPersonalProj;
			productReference = 2C6060C722E7E956005BD461 /* BudgetPersonalProj.app */;
			productType = "com.apple.product-type.application";
		};
/* End PBXNativeTarget section */

/* Begin PBXProject section */
		2C6060BF22E7E956005BD461 /* Project object */ = {
			isa = PBXProject;
			attributes = {
				LastSwiftUpdateCheck = 1020;
				LastUpgradeCheck = 1020;
				ORGANIZATIONNAME = "Darin Marcus Armstrong";
				TargetAttributes = {
					2C6060C622E7E956005BD461 = {
						CreatedOnToolsVersion = 10.2.1;
						SystemCapabilities = {
							com.apple.Push = {
								enabled = 1;
							};
							com.apple.iCloud = {
								enabled = 1;
							};
						};
					};
				};
			};
			buildConfigurationList = 2C6060C222E7E956005BD461 /* Build configuration list for PBXProject "BudgetPersonalProj" */;
			compatibilityVersion = "Xcode 9.3";
			developmentRegion = en;
			hasScannedForEncodings = 0;
			knownRegions = (
				en,
				Base,
			);
			mainGroup = 2C6060BE22E7E956005BD461;
			productRefGroup = 2C6060C822E7E956005BD461 /* Products */;
			projectDirPath = "";
			projectRoot = "";
			targets = (
				2C6060C622E7E956005BD461 /* BudgetPersonalProj */,
			);
		};
/* End PBXProject section */

/* Begin PBXResourcesBuildPhase section */
		2C6060C522E7E956005BD461 /* Resources */ = {
			isa = PBXResourcesBuildPhase;
			buildActionMask = 2147483647;
			files = (
				2C6060D822E7E95B005BD461 /* LaunchScreen.storyboard in Resources */,
				580134A62301BE320014ABFE /* colors.xcassets in Resources */,
				2C6060D522E7E95B005BD461 /* Assets.xcassets in Resources */,
				2C6060D022E7E956005BD461 /* Main.storyboard in Resources */,
			);
			runOnlyForDeploymentPostprocessing = 0;
		};
/* End PBXResourcesBuildPhase section */

/* Begin PBXSourcesBuildPhase section */
		2C6060C322E7E956005BD461 /* Sources */ = {
			isa = PBXSourcesBuildPhase;
			buildActionMask = 2147483647;
			files = (
				2CF2BBD722F07D9C00B06A9A /* ExpenseController.swift in Sources */,
				58BDFE2D230259BE000B605A /* Income+PayPeriodViewController.swift in Sources */,
				2C6AC12A22F5BC80004C98FA /* DateExtension.swift in Sources */,
				2CF2BBD522F07D8900B06A9A /* IncomeController.swift in Sources */,
				2CC871EB22E7EEBA009F90F7 /* Expense.swift in Sources */,
				2CF2BBC422EF4FE600B06A9A /* MasterBudgetController.swift in Sources */,
				58BDFE2B23023B16000B605A /* NewBudgetViewController.swift in Sources */,
				2C6060CB22E7E956005BD461 /* AppDelegate.swift in Sources */,
				2CF2BBCC22EFAC7A00B06A9A /* CreateBudgetTableViewController.swift in Sources */,
				2CC871E522E7EB86009F90F7 /* MasterBudget.swift in Sources */,
				2CC871E922E7EDDE009F90F7 /* Income.swift in Sources */,
				2CF2BBD322F07D7200B06A9A /* PayPeriodController.swift in Sources */,
				2CF2BBC622EF6A7600B06A9A /* PayPeriodListTableViewController.swift in Sources */,
				2CC871E722E7EC38009F90F7 /* PayPeriod.swift in Sources */,
				2CF2BBC222EF4F9800B06A9A /* MasterListTableViewController.swift in Sources */,
				2C6AC12822F4CDC0004C98FA /* Income+ExpenseListTableViewController.swift in Sources */,
			);
			runOnlyForDeploymentPostprocessing = 0;
		};
/* End PBXSourcesBuildPhase section */

/* Begin PBXVariantGroup section */
		2C6060CE22E7E956005BD461 /* Main.storyboard */ = {
			isa = PBXVariantGroup;
			children = (
				2C6060CF22E7E956005BD461 /* Base */,
			);
			name = Main.storyboard;
			sourceTree = "<group>";
		};
		2C6060D622E7E95B005BD461 /* LaunchScreen.storyboard */ = {
			isa = PBXVariantGroup;
			children = (
				2C6060D722E7E95B005BD461 /* Base */,
			);
			name = LaunchScreen.storyboard;
			sourceTree = "<group>";
		};
/* End PBXVariantGroup section */

/* Begin XCBuildConfiguration section */
		2C6060DA22E7E95B005BD461 /* Debug */ = {
			isa = XCBuildConfiguration;
			buildSettings = {
				ALWAYS_SEARCH_USER_PATHS = NO;
				CLANG_ANALYZER_NONNULL = YES;
				CLANG_ANALYZER_NUMBER_OBJECT_CONVERSION = YES_AGGRESSIVE;
				CLANG_CXX_LANGUAGE_STANDARD = "gnu++14";
				CLANG_CXX_LIBRARY = "libc++";
				CLANG_ENABLE_MODULES = YES;
				CLANG_ENABLE_OBJC_ARC = YES;
				CLANG_ENABLE_OBJC_WEAK = YES;
				CLANG_WARN_BLOCK_CAPTURE_AUTORELEASING = YES;
				CLANG_WARN_BOOL_CONVERSION = YES;
				CLANG_WARN_COMMA = YES;
				CLANG_WARN_CONSTANT_CONVERSION = YES;
				CLANG_WARN_DEPRECATED_OBJC_IMPLEMENTATIONS = YES;
				CLANG_WARN_DIRECT_OBJC_ISA_USAGE = YES_ERROR;
				CLANG_WARN_DOCUMENTATION_COMMENTS = YES;
				CLANG_WARN_EMPTY_BODY = YES;
				CLANG_WARN_ENUM_CONVERSION = YES;
				CLANG_WARN_INFINITE_RECURSION = YES;
				CLANG_WARN_INT_CONVERSION = YES;
				CLANG_WARN_NON_LITERAL_NULL_CONVERSION = YES;
				CLANG_WARN_OBJC_IMPLICIT_RETAIN_SELF = YES;
				CLANG_WARN_OBJC_LITERAL_CONVERSION = YES;
				CLANG_WARN_OBJC_ROOT_CLASS = YES_ERROR;
				CLANG_WARN_RANGE_LOOP_ANALYSIS = YES;
				CLANG_WARN_STRICT_PROTOTYPES = YES;
				CLANG_WARN_SUSPICIOUS_MOVE = YES;
				CLANG_WARN_UNGUARDED_AVAILABILITY = YES_AGGRESSIVE;
				CLANG_WARN_UNREACHABLE_CODE = YES;
				CLANG_WARN__DUPLICATE_METHOD_MATCH = YES;
				CODE_SIGN_IDENTITY = "iPhone Developer";
				COPY_PHASE_STRIP = NO;
				DEBUG_INFORMATION_FORMAT = dwarf;
				ENABLE_STRICT_OBJC_MSGSEND = YES;
				ENABLE_TESTABILITY = YES;
				GCC_C_LANGUAGE_STANDARD = gnu11;
				GCC_DYNAMIC_NO_PIC = NO;
				GCC_NO_COMMON_BLOCKS = YES;
				GCC_OPTIMIZATION_LEVEL = 0;
				GCC_PREPROCESSOR_DEFINITIONS = (
					"DEBUG=1",
					"$(inherited)",
				);
				GCC_WARN_64_TO_32_BIT_CONVERSION = YES;
				GCC_WARN_ABOUT_RETURN_TYPE = YES_ERROR;
				GCC_WARN_UNDECLARED_SELECTOR = YES;
				GCC_WARN_UNINITIALIZED_AUTOS = YES_AGGRESSIVE;
				GCC_WARN_UNUSED_FUNCTION = YES;
				GCC_WARN_UNUSED_VARIABLE = YES;
				IPHONEOS_DEPLOYMENT_TARGET = 12.2;
				MTL_ENABLE_DEBUG_INFO = INCLUDE_SOURCE;
				MTL_FAST_MATH = YES;
				ONLY_ACTIVE_ARCH = YES;
				SDKROOT = iphoneos;
				SWIFT_ACTIVE_COMPILATION_CONDITIONS = DEBUG;
				SWIFT_OPTIMIZATION_LEVEL = "-Onone";
			};
			name = Debug;
		};
		2C6060DB22E7E95B005BD461 /* Release */ = {
			isa = XCBuildConfiguration;
			buildSettings = {
				ALWAYS_SEARCH_USER_PATHS = NO;
				CLANG_ANALYZER_NONNULL = YES;
				CLANG_ANALYZER_NUMBER_OBJECT_CONVERSION = YES_AGGRESSIVE;
				CLANG_CXX_LANGUAGE_STANDARD = "gnu++14";
				CLANG_CXX_LIBRARY = "libc++";
				CLANG_ENABLE_MODULES = YES;
				CLANG_ENABLE_OBJC_ARC = YES;
				CLANG_ENABLE_OBJC_WEAK = YES;
				CLANG_WARN_BLOCK_CAPTURE_AUTORELEASING = YES;
				CLANG_WARN_BOOL_CONVERSION = YES;
				CLANG_WARN_COMMA = YES;
				CLANG_WARN_CONSTANT_CONVERSION = YES;
				CLANG_WARN_DEPRECATED_OBJC_IMPLEMENTATIONS = YES;
				CLANG_WARN_DIRECT_OBJC_ISA_USAGE = YES_ERROR;
				CLANG_WARN_DOCUMENTATION_COMMENTS = YES;
				CLANG_WARN_EMPTY_BODY = YES;
				CLANG_WARN_ENUM_CONVERSION = YES;
				CLANG_WARN_INFINITE_RECURSION = YES;
				CLANG_WARN_INT_CONVERSION = YES;
				CLANG_WARN_NON_LITERAL_NULL_CONVERSION = YES;
				CLANG_WARN_OBJC_IMPLICIT_RETAIN_SELF = YES;
				CLANG_WARN_OBJC_LITERAL_CONVERSION = YES;
				CLANG_WARN_OBJC_ROOT_CLASS = YES_ERROR;
				CLANG_WARN_RANGE_LOOP_ANALYSIS = YES;
				CLANG_WARN_STRICT_PROTOTYPES = YES;
				CLANG_WARN_SUSPICIOUS_MOVE = YES;
				CLANG_WARN_UNGUARDED_AVAILABILITY = YES_AGGRESSIVE;
				CLANG_WARN_UNREACHABLE_CODE = YES;
				CLANG_WARN__DUPLICATE_METHOD_MATCH = YES;
				CODE_SIGN_IDENTITY = "iPhone Developer";
				COPY_PHASE_STRIP = NO;
				DEBUG_INFORMATION_FORMAT = "dwarf-with-dsym";
				ENABLE_NS_ASSERTIONS = NO;
				ENABLE_STRICT_OBJC_MSGSEND = YES;
				GCC_C_LANGUAGE_STANDARD = gnu11;
				GCC_NO_COMMON_BLOCKS = YES;
				GCC_WARN_64_TO_32_BIT_CONVERSION = YES;
				GCC_WARN_ABOUT_RETURN_TYPE = YES_ERROR;
				GCC_WARN_UNDECLARED_SELECTOR = YES;
				GCC_WARN_UNINITIALIZED_AUTOS = YES_AGGRESSIVE;
				GCC_WARN_UNUSED_FUNCTION = YES;
				GCC_WARN_UNUSED_VARIABLE = YES;
				IPHONEOS_DEPLOYMENT_TARGET = 12.2;
				MTL_ENABLE_DEBUG_INFO = NO;
				MTL_FAST_MATH = YES;
				SDKROOT = iphoneos;
				SWIFT_COMPILATION_MODE = wholemodule;
				SWIFT_OPTIMIZATION_LEVEL = "-O";
				VALIDATE_PRODUCT = YES;
			};
			name = Release;
		};
		2C6060DD22E7E95B005BD461 /* Debug */ = {
			isa = XCBuildConfiguration;
			buildSettings = {
				ASSETCATALOG_COMPILER_APPICON_NAME = AppIcon;
				CODE_SIGN_ENTITLEMENTS = BudgetPersonalProj/BudgetPersonalProj.entitlements;
				CODE_SIGN_STYLE = Automatic;
				DEVELOPMENT_TEAM = QP48FW2MG5;
				INFOPLIST_FILE = "$(SRCROOT)/BudgetPersonalProj/Resources/Info.plist";
				LD_RUNPATH_SEARCH_PATHS = (
					"$(inherited)",
					"@executable_path/Frameworks",
				);
				PRODUCT_BUNDLE_IDENTIFIER = DMA.BudgetPersonalProj;
				PRODUCT_NAME = "$(TARGET_NAME)";
				SWIFT_VERSION = 5.0;
				TARGETED_DEVICE_FAMILY = "1,2";
			};
			name = Debug;
		};
		2C6060DE22E7E95B005BD461 /* Release */ = {
			isa = XCBuildConfiguration;
			buildSettings = {
				ASSETCATALOG_COMPILER_APPICON_NAME = AppIcon;
				CODE_SIGN_ENTITLEMENTS = BudgetPersonalProj/BudgetPersonalProj.entitlements;
				CODE_SIGN_STYLE = Automatic;
				DEVELOPMENT_TEAM = QP48FW2MG5;
				INFOPLIST_FILE = "$(SRCROOT)/BudgetPersonalProj/Resources/Info.plist";
				LD_RUNPATH_SEARCH_PATHS = (
					"$(inherited)",
					"@executable_path/Frameworks",
				);
				PRODUCT_BUNDLE_IDENTIFIER = DMA.BudgetPersonalProj;
				PRODUCT_NAME = "$(TARGET_NAME)";
				SWIFT_VERSION = 5.0;
				TARGETED_DEVICE_FAMILY = "1,2";
			};
			name = Release;
		};
/* End XCBuildConfiguration section */

/* Begin XCConfigurationList section */
		2C6060C222E7E956005BD461 /* Build configuration list for PBXProject "BudgetPersonalProj" */ = {
			isa = XCConfigurationList;
			buildConfigurations = (
				2C6060DA22E7E95B005BD461 /* Debug */,
				2C6060DB22E7E95B005BD461 /* Release */,
			);
			defaultConfigurationIsVisible = 0;
			defaultConfigurationName = Release;
		};
		2C6060DC22E7E95B005BD461 /* Build configuration list for PBXNativeTarget "BudgetPersonalProj" */ = {
			isa = XCConfigurationList;
			buildConfigurations = (
				2C6060DD22E7E95B005BD461 /* Debug */,
				2C6060DE22E7E95B005BD461 /* Release */,
			);
			defaultConfigurationIsVisible = 0;
			defaultConfigurationName = Release;
		};
/* End XCConfigurationList section */
	};
	rootObject = 2C6060BF22E7E956005BD461 /* Project object */;
}
